{
  "nodes": {
    "base16": {
      "inputs": {
        "fromYaml": "fromYaml"
      },
      "locked": {
        "lastModified": 1755819240,
        "narHash": "sha256-qcMhnL7aGAuFuutH4rq9fvAhCpJWVHLcHVZLtPctPlo=",
        "owner": "SenchoPens",
        "repo": "base16.nix",
        "rev": "75ed5e5e3fce37df22e49125181fa37899c3ccd6",
        "type": "github"
      },
      "original": {
        "owner": "SenchoPens",
        "repo": "base16.nix",
        "type": "github"
      }
    },
    "base16-fish": {
      "flake": false,
      "locked": {
        "lastModified": 1765809053,
        "narHash": "sha256-XCUQLoLfBJ8saWms2HCIj4NEN+xNsWBlU1NrEPcQG4s=",
        "owner": "tomyun",
        "repo": "base16-fish",
        "rev": "86cbea4dca62e08fb7fd83a70e96472f92574782",
        "type": "github"
      },
      "original": {
        "owner": "tomyun",
        "repo": "base16-fish",
        "rev": "86cbea4dca62e08fb7fd83a70e96472f92574782",
        "type": "github"
      }
    },
    "base16-helix": {
      "flake": false,
      "locked": {
        "lastModified": 1760703920,
        "narHash": "sha256-m82fGUYns4uHd+ZTdoLX2vlHikzwzdu2s2rYM2bNwzw=",
        "owner": "tinted-theming",
        "repo": "base16-helix",
        "rev": "d646af9b7d14bff08824538164af99d0c521b185",
        "type": "github"
      },
      "original": {
        "owner": "tinted-theming",
        "repo": "base16-helix",
        "type": "github"
      }
    },
    "base16-vim": {
      "flake": false,
      "locked": {
        "lastModified": 1732806396,
        "narHash": "sha256-e0bpPySdJf0F68Ndanwm+KWHgQiZ0s7liLhvJSWDNsA=",
        "owner": "tinted-theming",
        "repo": "base16-vim",
        "rev": "577fe8125d74ff456cf942c733a85d769afe58b7",
        "type": "github"
      },
      "original": {
        "owner": "tinted-theming",
        "repo": "base16-vim",
        "rev": "577fe8125d74ff456cf942c733a85d769afe58b7",
        "type": "github"
      }
    },
    "betterfox-nix": {
      "inputs": {
        "flake-parts": [
          "flake-parts"
        ],
        "import-tree": [
          "import-tree"
        ],
        "nixpkgs": [
          "nixpkgs"
        ],
        "systems": [
          "systems"
        ]
      },
      "locked": {
        "lastModified": 1765765778,
        "narHash": "sha256-w7nVSCFHEcTcrbQEzVdx5MaE+7iTaAtLHjV2jfOTSCI=",
        "owner": "HeitorAugustoLN",
        "repo": "betterfox-nix",
        "rev": "b3dae410c6f9e632955c67d77791ae231a7dd3c3",
        "type": "github"
      },
      "original": {
        "owner": "HeitorAugustoLN",
        "repo": "betterfox-nix",
        "type": "github"
      }
    },
    "blueprint": {
      "inputs": {
        "nixpkgs": [
          "nixpkgs"
        ],
        "systems": [
          "systems"
        ]
      },
      "locked": {
        "lastModified": 1771437256,
        "narHash": "sha256-bLqwib+rtyBRRVBWhMuBXPCL/OThfokA+j6+uH7jDGU=",
        "owner": "numtide",
        "repo": "blueprint",
        "rev": "06ee7190dc2620ea98af9eb225aa9627b68b0e33",
        "type": "github"
      },
      "original": {
        "owner": "numtide",
        "repo": "blueprint",
        "type": "github"
      }
    },
    "disko": {
      "inputs": {
        "nixpkgs": [
          "nixpkgs"
        ]
      },
      "locked": {
        "lastModified": 1768920986,
        "narHash": "sha256-CNzzBsRhq7gg4BMBuTDObiWDH/rFYHEuDRVOwCcwXw4=",
        "owner": "nix-community",
        "repo": "disko",
        "rev": "de5708739256238fb912c62f03988815db89ec9a",
        "type": "github"
      },
      "original": {
        "owner": "nix-community",
        "ref": "latest",
        "repo": "disko",
        "type": "github"
      }
    },
    "dms": {
      "inputs": {
        "nixpkgs": [
          "nixpkgs"
        ],
        "quickshell": "quickshell"
      },
      "locked": {
        "lastModified": 1771984142,
        "narHash": "sha256-5T139SdJNObUXrZ5afKUL+e6U8wqRsSX+yzcGKqFAkc=",
        "owner": "AvengeMedia",
        "repo": "DankMaterialShell",
        "rev": "3f24cf37cafefd27240c70c55b82d250bc28d26f",
        "type": "github"
      },
      "original": {
        "owner": "AvengeMedia",
        "ref": "v1.4.3",
        "repo": "DankMaterialShell",
        "type": "github"
      }
    },
    "dms-plugin-registry": {
      "inputs": {
        "nixpkgs": [
          "nixpkgs"
        ]
      },
      "locked": {
        "lastModified": 1772586807,
        "narHash": "sha256-cZdSLq02zoTC2rFISJ76hOY0J5ADD+NMC7JK1J3Jlto=",
        "owner": "AvengeMedia",
        "repo": "dms-plugin-registry",
        "rev": "961c1e55201d2fe041b857be4640db8eb1ec6ec4",
        "type": "github"
      },
      "original": {
        "owner": "AvengeMedia",
        "repo": "dms-plugin-registry",
        "type": "github"
      }
    },
    "firefox-gnome-theme": {
      "flake": false,
      "locked": {
        "lastModified": 1764873433,
        "narHash": "sha256-1XPewtGMi+9wN9Ispoluxunw/RwozuTRVuuQOmxzt+A=",
        "owner": "rafaelmardojai",
        "repo": "firefox-gnome-theme",
        "rev": "f7ffd917ac0d253dbd6a3bf3da06888f57c69f92",
        "type": "github"
      },
      "original": {
        "owner": "rafaelmardojai",
        "repo": "firefox-gnome-theme",
        "type": "github"
      }
    },
    "flake-compat": {
      "flake": false,
      "locked": {
        "lastModified": 1767039857,
        "narHash": "sha256-vNpUSpF5Nuw8xvDLj2KCwwksIbjua2LZCqhV1LNRDns=",
        "owner": "edolstra",
        "repo": "flake-compat",
        "rev": "5edf11c44bc78a0d334f6334cdaf7d60d732daab",
        "type": "github"
      },
      "original": {
        "owner": "edolstra",
        "repo": "flake-compat",
        "type": "github"
      }
    },
    "flake-parts": {
      "inputs": {
        "nixpkgs-lib": [
          "nixpkgs"
        ]
      },
      "locked": {
        "lastModified": 1772408722,
        "narHash": "sha256-rHuJtdcOjK7rAHpHphUb1iCvgkU3GpfvicLMwwnfMT0=",
        "owner": "hercules-ci",
        "repo": "flake-parts",
        "rev": "f20dc5d9b8027381c474144ecabc9034d6a839a3",
        "type": "github"
      },
      "original": {
        "owner": "hercules-ci",
        "repo": "flake-parts",
        "type": "github"
      }
    },
    "flint": {
      "inputs": {
        "nixpkgs": [
          "nixpkgs"
        ]
      },
      "locked": {
        "lastModified": 1767431140,
        "narHash": "sha256-ug37Jt6r8LP3161suTh6IW+fkx0a7kiSAhAPsVcPrkA=",
        "owner": "NotAShelf",
        "repo": "flint",
        "rev": "7832a5b5f5ef1243818f8f5e357ad1ee2d35d2b7",
        "type": "github"
      },
      "original": {
        "owner": "NotAShelf",
        "repo": "flint",
        "type": "github"
      }
    },
    "fromYaml": {
      "flake": false,
      "locked": {
        "lastModified": 1731966426,
        "narHash": "sha256-lq95WydhbUTWig/JpqiB7oViTcHFP8Lv41IGtayokA8=",
        "owner": "SenchoPens",
        "repo": "fromYaml",
        "rev": "106af9e2f715e2d828df706c386a685698f3223b",
        "type": "github"
      },
      "original": {
        "owner": "SenchoPens",
        "repo": "fromYaml",
        "type": "github"
      }
    },
    "git-hooks-nix": {
      "inputs": {
        "flake-compat": [
          "flake-compat"
        ],
        "gitignore": "gitignore",
        "nixpkgs": [
          "nixpkgs"
        ]
      },
      "locked": {
        "lastModified": 1772024342,
        "narHash": "sha256-+eXlIc4/7dE6EcPs9a2DaSY3fTA9AE526hGqkNID3Wg=",
        "owner": "cachix",
        "repo": "git-hooks.nix",
        "rev": "6e34e97ed9788b17796ee43ccdbaf871a5c2b476",
        "type": "github"
      },
      "original": {
        "owner": "cachix",
        "repo": "git-hooks.nix",
        "type": "github"
      }
    },
    "gitignore": {
      "inputs": {
        "nixpkgs": [
          "git-hooks-nix",
          "nixpkgs"
        ]
      },
      "locked": {
        "lastModified": 1709087332,
        "narHash": "sha256-HG2cCnktfHsKV0s4XW83gU3F57gaTljL9KNSuG6bnQs=",
        "owner": "hercules-ci",
        "repo": "gitignore.nix",
        "rev": "637db329424fd7e46cf4185293b9cc8c88c95394",
        "type": "github"
      },
      "original": {
        "owner": "hercules-ci",
        "repo": "gitignore.nix",
        "type": "github"
      }
    },
    "gnome-shell": {
      "flake": false,
      "locked": {
        "host": "gitlab.gnome.org",
        "lastModified": 1767737596,
        "narHash": "sha256-eFujfIUQDgWnSJBablOuG+32hCai192yRdrNHTv0a+s=",
        "owner": "GNOME",
        "repo": "gnome-shell",
        "rev": "ef02db02bf0ff342734d525b5767814770d85b49",
        "type": "gitlab"
      },
      "original": {
        "host": "gitlab.gnome.org",
        "owner": "GNOME",
        "ref": "gnome-49",
        "repo": "gnome-shell",
        "type": "gitlab"
      }
    },
    "home-manager": {
      "inputs": {
        "nixpkgs": [
          "nixpkgs"
        ]
      },
      "locked": {
        "lastModified": 1772380125,
        "narHash": "sha256-8C+y46xA9bxcchj9GeDPJaRUDApaA3sy2fhJr1bTbUw=",
        "owner": "nix-community",
        "repo": "home-manager",
        "rev": "a07a44a839eb036e950bf397d9b782916f8dcab3",
        "type": "github"
      },
      "original": {
        "owner": "nix-community",
        "ref": "release-25.11",
        "repo": "home-manager",
        "type": "github"
      }
    },
    "impermanence": {
      "inputs": {
        "home-manager": [
          "home-manager"
        ],
        "nixpkgs": [
          "nixpkgs"
        ]
      },
      "locked": {
        "lastModified": 1769548169,
        "narHash": "sha256-03+JxvzmfwRu+5JafM0DLbxgHttOQZkUtDWBmeUkN8Y=",
        "owner": "nix-community",
        "repo": "impermanence",
        "rev": "7b1d382faf603b6d264f58627330f9faa5cba149",
        "type": "github"
      },
      "original": {
        "owner": "nix-community",
        "repo": "impermanence",
        "type": "github"
      }
    },
    "import-tree": {
      "locked": {
        "lastModified": 1772344373,
        "narHash": "sha256-OQQ1MhB9t1J71b2wxRRTdH/Qd8UGG0p+dGspfCf5U1c=",
        "owner": "vic",
        "repo": "import-tree",
        "rev": "10fda59eee7d7970ec443b925f32a1bc7526648c",
        "type": "github"
      },
      "original": {
        "owner": "vic",
        "repo": "import-tree",
        "type": "github"
      }
    },
    "llm-agents": {
      "inputs": {
        "blueprint": [
          "blueprint"
        ],
        "nixpkgs": [
          "nixpkgs"
        ],
        "treefmt-nix": "treefmt-nix"
      },
      "locked": {
        "lastModified": 1772605697,
        "narHash": "sha256-VOvCw5I28nIcy3mFs88M/Unzj4uKiUrIJK6S69kHOCU=",
        "owner": "numtide",
        "repo": "llm-agents.nix",
        "rev": "705bb4900230a4e7bdd42bd8f34cb3a4558e593b",
        "type": "github"
      },
      "original": {
        "owner": "numtide",
        "repo": "llm-agents.nix",
        "type": "github"
      }
    },
    "mnw": {
      "locked": {
        "lastModified": 1758834834,
        "narHash": "sha256-Y7IvY4F8vajZyp3WGf+KaiIVwondEkMFkt92Cr9NZmg=",
        "owner": "Gerg-L",
        "repo": "mnw",
        "rev": "cfbc7d1cc832e318d0863a5fc91d940a96034001",
        "type": "github"
      },
      "original": {
        "owner": "Gerg-L",
        "repo": "mnw",
        "type": "github"
      }
    },
    "ndg": {
      "inputs": {
        "nixpkgs": [
          "nvf",
          "nixpkgs"
        ]
      },
      "locked": {
        "lastModified": 1765720983,
        "narHash": "sha256-tWtukpABmux6EC/FuCJEgA1kmRjcRPtED44N+GGPq+4=",
        "owner": "feel-co",
        "repo": "ndg",
        "rev": "f399ace8bb8e1f705dd8942b24d207aa4d75c936",
        "type": "github"
      },
      "original": {
        "owner": "feel-co",
        "repo": "ndg",
        "type": "github"
      }
    },
    "niri-flake": {
      "inputs": {
        "niri-stable": "niri-stable",
        "niri-unstable": [
          "niri-flake",
          "niri-stable"
        ],
        "nixpkgs": [
          "nixpkgs-unstable"
        ],
        "nixpkgs-stable": [
          "nixpkgs"
        ],
        "xwayland-satellite-stable": "xwayland-satellite-stable",
        "xwayland-satellite-unstable": [
          "niri-flake",
          "xwayland-satellite-stable"
        ]
      },
      "locked": {
        "lastModified": 1772572827,
        "narHash": "sha256-d91kXM4t1G0KQ/MB0LTP514IslsDu6ZBt4HQE7hVvzs=",
        "owner": "sodiboo",
        "repo": "niri-flake",
        "rev": "7592181859ad2ab12913bbede47b45481b2b2938",
        "type": "github"
      },
      "original": {
        "owner": "sodiboo",
        "repo": "niri-flake",
        "type": "github"
      }
    },
    "niri-stable": {
      "flake": false,
      "locked": {
        "lastModified": 1756556321,
        "narHash": "sha256-RLD89dfjN0RVO86C/Mot0T7aduCygPGaYbog566F0Qo=",
        "owner": "YaLTeR",
        "repo": "niri",
        "rev": "01be0e65f4eb91a9cd624ac0b76aaeab765c7294",
        "type": "github"
      },
      "original": {
        "owner": "YaLTeR",
        "ref": "v25.08",
        "repo": "niri",
        "type": "github"
      }
    },
    "nix-alien": {
      "inputs": {
        "flake-compat": [
          "flake-compat"
        ],
        "nix-index-database": [
          "nix-index-database"
        ],
        "nixpkgs": [
          "nixpkgs"
        ]
      },
      "locked": {
        "lastModified": 1771150922,
        "narHash": "sha256-+oQJun4CFDlOQRocbZpqQDj7agoy56/4ZjT1oUR7NOs=",
        "owner": "thiagokokada",
        "repo": "nix-alien",
        "rev": "96045e886ba0dd45b27590e7c0c6e77bbb54033d",
        "type": "github"
      },
      "original": {
        "owner": "thiagokokada",
        "repo": "nix-alien",
        "type": "github"
      }
    },
    "nix-ast-lint": {
      "inputs": {
        "nixpkgs": [
          "nixpkgs"
        ]
      },
      "locked": {
        "lastModified": 1768501693,
        "narHash": "sha256-H7PmIBB8BVnh9lpvoOAk+PfOMhhzVgkCyAz1KtvHIcQ=",
        "rev": "d0b8b619d5e1b96fc71c321cb3d33a02b5f44d7a",
        "type": "tarball",
        "url": "https://codeberg.org/api/v1/repos/tlater/nix-ast-lint/archive/d0b8b619d5e1b96fc71c321cb3d33a02b5f44d7a.tar.gz"
      },
      "original": {
        "type": "tarball",
        "url": "https://codeberg.org/tlater/nix-ast-lint/archive/main.tar.gz"
      }
    },
    "nix-flatpak": {
      "locked": {
        "lastModified": 1767983141,
        "narHash": "sha256-7ZCulYUD9RmJIDULTRkGLSW1faMpDlPKcbWJLYHoXcs=",
        "owner": "gmodena",
        "repo": "nix-flatpak",
        "rev": "440818969ac2cbd77bfe025e884d0aa528991374",
        "type": "github"
      },
      "original": {
        "owner": "gmodena",
        "ref": "v0.7.0",
        "repo": "nix-flatpak",
        "type": "github"
      }
    },
    "nix-gaming": {
      "inputs": {
        "flake-parts": [
          "flake-parts"
        ],
        "git-hooks": [
          "git-hooks-nix"
        ],
        "nixpkgs": [
          "nixpkgs"
        ]
      },
      "locked": {
        "lastModified": 1772505577,
        "narHash": "sha256-HzpMlxPScGSLDAoOZHA09Pndd4d1s6uNomYK3GoJjAg=",
        "owner": "fufexan",
        "repo": "nix-gaming",
        "rev": "3ea17e15ca87c740e75f4ecf0ad3e3f4c16d7c7d",
        "type": "github"
      },
      "original": {
        "owner": "fufexan",
        "repo": "nix-gaming",
        "type": "github"
      }
    },
    "nix-index-database": {
      "inputs": {
        "nixpkgs": [
          "nixpkgs"
        ]
      },
      "locked": {
        "lastModified": 1772341813,
        "narHash": "sha256-/PQ0ubBCMj/MVCWEI/XMStn55a8dIKsvztj4ZVLvUrQ=",
        "owner": "nix-community",
        "repo": "nix-index-database",
        "rev": "a2051ff239ce2e8a0148fa7a152903d9a78e854f",
        "type": "github"
      },
      "original": {
        "owner": "nix-community",
        "repo": "nix-index-database",
        "type": "github"
      }
    },
    "nixcord": {
      "inputs": {
        "flake-compat": [
          "flake-compat"
        ],
        "flake-parts": [
          "flake-parts"
        ],
        "nixpkgs": [
          "nixpkgs"
        ]
      },
      "locked": {
        "lastModified": 1772573844,
        "narHash": "sha256-xizdDr/4aUQ9xi7bv9A7gdjkfiCAuf6MA7yEqAhoZ5M=",
        "owner": "kaylorben",
        "repo": "nixcord",
        "rev": "02ed220c00e042cccbb5aba37e6bd8d2dfbb4b6f",
        "type": "github"
      },
      "original": {
        "owner": "kaylorben",
        "repo": "nixcord",
        "type": "github"
      }
    },
    "nixos-cli": {
      "inputs": {
        "flake-compat": [
          "flake-compat"
        ],
        "flake-parts": [
          "flake-parts"
        ],
        "nixpkgs": [
          "nixpkgs"
        ],
        "optnix": [
          "optnix"
        ]
      },
      "locked": {
        "lastModified": 1772482289,
        "narHash": "sha256-faYerdlyPSDpAsK+FKOjbYz1auUvhb/jy3Ayd9Q3Lk4=",
        "owner": "nix-community",
        "repo": "nixos-cli",
        "rev": "9e880218d0562dc0dadcfa8ba09cc6d17105cdff",
        "type": "github"
      },
      "original": {
        "owner": "nix-community",
        "repo": "nixos-cli",
        "type": "github"
      }
    },
    "nixos-hardware": {
      "locked": {
        "lastModified": 1765712189,
        "narHash": "sha256-jhKreVaTQIAoJbIgqVSF8O8+9+VRJXrLIH72EX5qer8=",
        "owner": "ilkecan",
        "repo": "nixos-hardware",
        "rev": "bc0b1207e68d116cf117945c0a88ba89a10a5251",
        "type": "github"
      },
      "original": {
        "owner": "ilkecan",
        "ref": "lenovo-thinkpad-e14-gen7-intel",
        "repo": "nixos-hardware",
        "type": "github"
      }
    },
    "nixpkgs": {
      "locked": {
        "lastModified": 1772598333,
        "narHash": "sha256-moEOncpKtz4qAmFW1mX1ArxARit17pU/r1xtEzp8XqQ=",
        "rev": "fabb8c9deee281e50b1065002c9828f2cf7b2239",
        "type": "tarball",
        "url": "https://releases.nixos.org/nixos/25.11/nixos-25.11.6913.fabb8c9deee2/nixexprs.tar.xz"
      },
      "original": {
        "type": "tarball",
        "url": "https://channels.nixos.org/nixos-25.11/nixexprs.tar.xz"
      }
    },
    "nixpkgs-unstable": {
      "locked": {
        "lastModified": 1772542754,
        "narHash": "sha256-jx4kZFawgvwWOWmWLc9Jsn0kHNkG+0ESflhb1p8ajb0=",
        "rev": "8c809a146a140c5c8806f13399592dbcb1bb5dc4",
        "type": "tarball",
        "url": "https://releases.nixos.org/nixos/unstable/nixos-26.05pre957538.8c809a146a14/nixexprs.tar.xz"
      },
      "original": {
        "type": "tarball",
        "url": "https://channels.nixos.org/nixos-unstable/nixexprs.tar.xz"
      }
    },
    "nur": {
      "inputs": {
        "flake-parts": [
          "flake-parts"
        ],
        "nixpkgs": [
          "nixpkgs"
        ]
      },
      "locked": {
        "lastModified": 1772628825,
        "narHash": "sha256-ycNSHrrUzNRciIOgBF00PUQGMJeVnlkfWFWISuu3dws=",
        "owner": "nix-community",
        "repo": "NUR",
        "rev": "b353cc2e9c2fd3c60ad4d268f5d798a8eb3d4a31",
        "type": "github"
      },
      "original": {
        "owner": "nix-community",
        "repo": "NUR",
        "type": "github"
      }
    },
    "nvf": {
      "inputs": {
        "flake-compat": [
          "flake-compat"
        ],
        "flake-parts": [
          "flake-parts"
        ],
        "mnw": "mnw",
        "ndg": "ndg",
        "nixpkgs": [
          "nixpkgs"
        ],
        "systems": [
          "systems"
        ]
      },
      "locked": {
        "lastModified": 1767369300,
        "narHash": "sha256-QV+tdP2bS+PJBcp4YHhqpMTzcxsxGaS/d6cKMCJ4PnA=",
        "owner": "NotAShelf",
        "repo": "nvf",
        "rev": "9c75c2a199af39fc95fb203636ce97d070ca3973",
        "type": "github"
      },
      "original": {
        "owner": "NotAShelf",
        "repo": "nvf",
        "rev": "9c75c2a199af39fc95fb203636ce97d070ca3973",
        "type": "github"
      }
    },
    "optnix": {
      "inputs": {
        "flake-compat": [
          "flake-compat"
        ],
        "nixpkgs": [
          "nixpkgs"
        ]
      },
      "locked": {
        "lastModified": 1770000117,
        "narHash": "sha256-kZ1eLvCxfN+6RYQdcWUdIf+2WuiNiAfbJq+VetT+kos=",
        "owner": "water-sucks",
        "repo": "optnix",
        "rev": "e3a8a63d8a9dcad01f499b2ece87db3545443f05",
        "type": "github"
      },
      "original": {
        "owner": "water-sucks",
        "repo": "optnix",
        "type": "github"
      }
    },
    "quickshell": {
      "inputs": {
        "nixpkgs": [
          "dms",
          "nixpkgs"
        ]
      },
      "locked": {
        "lastModified": 1766725085,
        "narHash": "sha256-O2aMFdDUYJazFrlwL7aSIHbUSEm3ADVZjmf41uBJfHs=",
        "ref": "refs/heads/master",
        "rev": "41828c4180fb921df7992a5405f5ff05d2ac2fff",
        "revCount": 715,
        "type": "git",
        "url": "https://git.outfoxxed.me/quickshell/quickshell"
      },
      "original": {
        "rev": "41828c4180fb921df7992a5405f5ff05d2ac2fff",
        "type": "git",
        "url": "https://git.outfoxxed.me/quickshell/quickshell"
      }
    },
    "root": {
      "inputs": {
        "betterfox-nix": "betterfox-nix",
        "blueprint": "blueprint",
        "disko": "disko",
        "dms": "dms",
        "dms-plugin-registry": "dms-plugin-registry",
        "flake-compat": "flake-compat",
        "flake-parts": "flake-parts",
        "flint": "flint",
        "git-hooks-nix": "git-hooks-nix",
        "home-manager": "home-manager",
        "impermanence": "impermanence",
        "import-tree": "import-tree",
        "llm-agents": "llm-agents",
        "niri-flake": "niri-flake",
        "nix-alien": "nix-alien",
        "nix-ast-lint": "nix-ast-lint",
        "nix-flatpak": "nix-flatpak",
        "nix-gaming": "nix-gaming",
        "nix-index-database": "nix-index-database",
        "nixcord": "nixcord",
        "nixos-cli": "nixos-cli",
        "nixos-hardware": "nixos-hardware",
        "nixpkgs": "nixpkgs",
        "nixpkgs-unstable": "nixpkgs-unstable",
        "nur": "nur",
        "nvf": "nvf",
        "optnix": "optnix",
        "sops-nix": "sops-nix",
        "stylix": "stylix",
        "systems": "systems"
      }
    },
    "sops-nix": {
      "inputs": {
        "nixpkgs": [
          "nixpkgs"
        ]
      },
      "locked": {
        "lastModified": 1772495394,
        "narHash": "sha256-hmIvE/slLKEFKNEJz27IZ8BKlAaZDcjIHmkZ7GCEjfw=",
        "owner": "Mic92",
        "repo": "sops-nix",
        "rev": "1d9b98a29a45abe9c4d3174bd36de9f28755e3ff",
        "type": "github"
      },
      "original": {
        "owner": "Mic92",
        "repo": "sops-nix",
        "type": "github"
      }
    },
    "stylix": {
      "inputs": {
        "base16": "base16",
        "base16-fish": "base16-fish",
        "base16-helix": "base16-helix",
        "base16-vim": "base16-vim",
        "firefox-gnome-theme": "firefox-gnome-theme",
        "flake-parts": [
          "flake-parts"
        ],
        "gnome-shell": "gnome-shell",
        "nixpkgs": [
          "nixpkgs"
        ],
        "nur": [
          "nur"
        ],
        "systems": [
          "systems"
        ],
        "tinted-foot": "tinted-foot",
        "tinted-kitty": "tinted-kitty",
        "tinted-schemes": "tinted-schemes",
        "tinted-tmux": "tinted-tmux",
        "tinted-zed": "tinted-zed"
      },
      "locked": {
        "lastModified": 1771788390,
        "narHash": "sha256-RzBpBwn93GWxLjacTte+ngwwg0L/BVOg4G/sSIeK3Rw=",
        "owner": "nix-community",
        "repo": "stylix",
        "rev": "ebb238f14d6f930068be4718472da3105fd5d3bf",
        "type": "github"
      },
      "original": {
        "owner": "nix-community",
        "ref": "release-25.11",
        "repo": "stylix",
        "type": "github"
      }
    },
    "systems": {
      "locked": {
        "lastModified": 1681028828,
        "narHash": "sha256-Vy1rq5AaRuLzOxct8nz4T6wlgyUR7zLU309k9mBC768=",
        "owner": "nix-systems",
        "repo": "default",
        "rev": "da67096a3b9bf56a91d16901293e51ba5b49a27e",
        "type": "github"
      },
      "original": {
        "owner": "nix-systems",
        "repo": "default",
        "type": "github"
      }
    },
    "tinted-foot": {
      "flake": false,
      "locked": {
        "lastModified": 1726913040,
        "narHash": "sha256-+eDZPkw7efMNUf3/Pv0EmsidqdwNJ1TaOum6k7lngDQ=",
        "owner": "tinted-theming",
        "repo": "tinted-foot",
        "rev": "fd1b924b6c45c3e4465e8a849e67ea82933fcbe4",
        "type": "github"
      },
      "original": {
        "owner": "tinted-theming",
        "repo": "tinted-foot",
        "rev": "fd1b924b6c45c3e4465e8a849e67ea82933fcbe4",
        "type": "github"
      }
    },
    "tinted-kitty": {
      "flake": false,
      "locked": {
        "lastModified": 1735730497,
        "narHash": "sha256-4KtB+FiUzIeK/4aHCKce3V9HwRvYaxX+F1edUrfgzb8=",
        "owner": "tinted-theming",
        "repo": "tinted-kitty",
        "rev": "de6f888497f2c6b2279361bfc790f164bfd0f3fa",
        "type": "github"
      },
      "original": {
        "owner": "tinted-theming",
        "repo": "tinted-kitty",
        "type": "github"
      }
    },
    "tinted-schemes": {
      "flake": false,
      "locked": {
        "lastModified": 1767817087,
        "narHash": "sha256-eGE8OYoK6HzhJt/7bOiNV2cx01IdIrHL7gXgjkHRdNo=",
        "owner": "tinted-theming",
        "repo": "schemes",
        "rev": "bd99656235aab343e3d597bf196df9bc67429507",
        "type": "github"
      },
      "original": {
        "owner": "tinted-theming",
        "repo": "schemes",
        "type": "github"
      }
    },
    "tinted-tmux": {
      "flake": false,
      "locked": {
        "lastModified": 1767489635,
        "narHash": "sha256-e6nnFnWXKBCJjCv4QG4bbcouJ6y3yeT70V9MofL32lU=",
        "owner": "tinted-theming",
        "repo": "tinted-tmux",
        "rev": "3c32729ccae99be44fe8a125d20be06f8d7d8184",
        "type": "github"
      },
      "original": {
        "owner": "tinted-theming",
        "repo": "tinted-tmux",
        "type": "github"
      }
    },
    "tinted-zed": {
      "flake": false,
      "locked": {
        "lastModified": 1767488740,
        "narHash": "sha256-wVOj0qyil8m+ouSsVZcNjl5ZR+1GdOOAooAatQXHbuU=",
        "owner": "tinted-theming",
        "repo": "base16-zed",
        "rev": "11abb0b282ad3786a2aae088d3a01c60916f2e40",
        "type": "github"
      },
      "original": {
        "owner": "tinted-theming",
        "repo": "base16-zed",
        "type": "github"
      }
    },
    "treefmt-nix": {
      "inputs": {
        "nixpkgs": [
          "llm-agents",
          "nixpkgs"
        ]
      },
      "locked": {
        "lastModified": 1770228511,
        "narHash": "sha256-wQ6NJSuFqAEmIg2VMnLdCnUc0b7vslUohqqGGD+Fyxk=",
        "owner": "numtide",
        "repo": "treefmt-nix",
        "rev": "337a4fe074be1042a35086f15481d763b8ddc0e7",
        "type": "github"
      },
      "original": {
        "owner": "numtide",
        "repo": "treefmt-nix",
        "type": "github"
      }
    },
    "xwayland-satellite-stable": {
      "flake": false,
      "locked": {
        "lastModified": 1755491097,
        "narHash": "sha256-m+9tUfsmBeF2Gn4HWa6vSITZ4Gz1eA1F5Kh62B0N4oE=",
        "owner": "Supreeeme",
        "repo": "xwayland-satellite",
        "rev": "388d291e82ffbc73be18169d39470f340707edaa",
        "type": "github"
      },
      "original": {
        "owner": "Supreeeme",
        "ref": "v0.7",
        "repo": "xwayland-satellite",
        "type": "github"
      }
    }
  },
  "root": "root",
  "version": 7
}
